
Microsoft Visual Studio Solution File, Format Version 12.00
# Visual Studio 15
Project("{FAE04EC0-301F-11D3-BF4B-00C04F79EFBC}") = "CustomDelegates", "CSEventsDelegatesLambdas\CustomDelegates.csproj", "{8CEAFEBC-C86B-4CEB-BFEE-5E54BC643675}"
EndProject
Project("{FAE04EC0-301F-11D3-BF4B-00C04F79EFBC}") = "DelegatesAndEvents", "DelegatesAndEvents\DelegatesAndEvents.csproj", "{718CEF84-68CA-4C3C-AE74-C4AB42283386}"
EndProject
Project("{FAE04EC0-301F-11D3-BF4B-00C04F79EFBC}") = "LambdasActionFunc", "LambdasActionFunc\LambdasActionFunc.csproj", "{AF13BE6C-75CB-476A-A11C-4C3F32ECE197}"
EndProject
Global
	GlobalSection(SolutionConfigurationPlatforms) = preSolution
		Debug|Any CPU = Debug|Any CPU
		Release|Any CPU = Release|Any CPU
	EndGlobalSection
	GlobalSection(ProjectConfigurationPlatforms) = postSolution
		{8CEAFEBC-C86B-4CEB-BFEE-5E54BC643675}.Debug|Any CPU.ActiveCfg = Debug|Any CPU
		{8CEAFEBC-C86B-4CEB-BFEE-5E54BC643675}.Debug|Any CPU.Build.0 = Debug|Any CPU
		{8CEAFEBC-C86B-4CEB-BFEE-5E54BC643675}.Release|Any CPU.ActiveCfg = Release|Any CPU
		{8CEAFEBC-C86B-4CEB-BFEE-5E54BC643675}.Release|Any CPU.Build.0 = Release|Any CPU
		{718CEF84-68CA-4C3C-AE74-C4AB42283386}.Debug|Any CPU.ActiveCfg = Debug|Any CPU
		{718CEF84-68CA-4C3C-AE74-C4AB42283386}.Debug|Any CPU.Build.0 = Debug|Any CPU
		{718CEF84-68CA-4C3C-AE74-C4AB42283386}.Release|Any CPU.ActiveCfg = Release|Any CPU
		{718CEF84-68CA-4C3C-AE74-C4AB42283386}.Release|Any CPU.Build.0 = Release|Any CPU
		{AF13BE6C-75CB-476A-A11C-4C3F32ECE197}.Debug|Any CPU.ActiveCfg = Debug|Any CPU
		{AF13BE6C-75CB-476A-A11C-4C3F32ECE197}.Debug|Any CPU.Build.0 = Debug|Any CPU
		{AF13BE6C-75CB-476A-A11C-4C3F32ECE197}.Release|Any CPU.ActiveCfg = Release|Any CPU
		{AF13BE6C-75CB-476A-A11C-4C3F32ECE197}.Release|Any CPU.Build.0 = Release|Any CPU
	EndGlobalSection
EndGlobal
